
Microsoft Visual Studio Solution File, Format Version 12.00
# Visual Studio Version 16
VisualStudioVersion = 16.0.29411.108
MinimumVisualStudioVersion = 10.0.40219.1
Project("{FAE04EC0-301F-11D3-BF4B-00C04F79EFBC}") = "core2", "core2\core2.csproj", "{31440B55-F261-41A8-89BE-03618D2EE862}"
EndProject
Global
	GlobalSection(SolutionConfigurationPlatforms) = preSolution
		Debug|Any CPU = Debug|Any CPU
		Release|Any CPU = Release|Any CPU
	EndGlobalSection
	GlobalSection(ProjectConfigurationPlatforms) = postSolution
		{31440B55-F261-41A8-89BE-03618D2EE862}.Debug|Any CPU.ActiveCfg = Debug|Any CPU
		{31440B55-F261-41A8-89BE-03618D2EE862}.Debug|Any CPU.Build.0 = Debug|Any CPU
		{31440B55-F261-41A8-89BE-03618D2EE862}.Release|Any CPU.ActiveCfg = Release|Any CPU
		{31440B55-F261-41A8-89BE-03618D2EE862}.Release|Any CPU.Build.0 = Release|Any CPU
	EndGlobalSection
	GlobalSection(SolutionProperties) = preSolution
		HideSolutionNode = FALSE
	EndGlobalSection
	GlobalSection(ExtensibilityGlobals) = postSolution
		SolutionGuid = {7D034720-F6E7-4827-98DD-ADB02F40A97F}
	EndGlobalSection
EndGlobal
